
Microsoft Visual Studio Solution File, Format Version 12.00
# Visual Studio Version 17
VisualStudioVersion = 17.0.31903.59
MinimumVisualStudioVersion = 10.0.40219.1
Project("{2150E333-8FDC-42A3-9474-1A3956D46DE8}") = "src", "src", "{D3B9CA00-8EE3-42C3-B062-BE9FAB91C042}"
EndProject
Project("{9A19103F-16F7-4668-BE54-9A1E7A4F7556}") = "Refactor.PaymentGate.Api", "src\Refactor.PaymentGate.Api\Refactor.PaymentGate.Api.csproj", "{65B2FED8-773A-4637-A273-F91E63D10682}"
EndProject
Project("{2150E333-8FDC-42A3-9474-1A3956D46DE8}") = "tests", "tests", "{9B82EE8B-5DAD-4C25-9980-F6F635F93B7D}"
EndProject
Project("{9A19103F-16F7-4668-BE54-9A1E7A4F7556}") = "Refactor.PaymentGate.UnitTests", "tests\Refactor.PaymentGate.UnitTests\Refactor.PaymentGate.UnitTests.csproj", "{B24D282C-E57D-46D7-8419-347938E0D60D}"
EndProject
Project("{9A19103F-16F7-4668-BE54-9A1E7A4F7556}") = "Refactor.PaymentGate.IntegrationTests", "tests\Refactor.PaymentGate.IntegrationTests\Refactor.PaymentGate.IntegrationTests.csproj", "{226D4F8E-58BB-45F5-A0CA-BC85D853A478}"
EndProject
Project("{9A19103F-16F7-4668-BE54-9A1E7A4F7556}") = "Refactor.PaymentGate.FunctionalTests", "tests\Refactor.PaymentGate.FunctionalTests\Refactor.PaymentGate.FunctionalTests.csproj", "{23C0DEC1-746E-44B1-AD2C-46974A212FC0}"
EndProject
Project("{2150E333-8FDC-42A3-9474-1A3956D46DE8}") = "Solution Items", "Solution Items", "{3A7A6002-B7AB-4CFD-AF7D-A26FC8C8CAB8}"
	ProjectSection(SolutionItems) = preProject
		.editorconfig = .editorconfig
	EndProjectSection
EndProject
Global
	GlobalSection(SolutionConfigurationPlatforms) = preSolution
		Debug|Any CPU = Debug|Any CPU
		Release|Any CPU = Release|Any CPU
	EndGlobalSection
	GlobalSection(ProjectConfigurationPlatforms) = postSolution
		{65B2FED8-773A-4637-A273-F91E63D10682}.Debug|Any CPU.ActiveCfg = Debug|Any CPU
		{65B2FED8-773A-4637-A273-F91E63D10682}.Debug|Any CPU.Build.0 = Debug|Any CPU
		{65B2FED8-773A-4637-A273-F91E63D10682}.Release|Any CPU.ActiveCfg = Release|Any CPU
		{65B2FED8-773A-4637-A273-F91E63D10682}.Release|Any CPU.Build.0 = Release|Any CPU
		{B24D282C-E57D-46D7-8419-347938E0D60D}.Debug|Any CPU.ActiveCfg = Debug|Any CPU
		{B24D282C-E57D-46D7-8419-347938E0D60D}.Debug|Any CPU.Build.0 = Debug|Any CPU
		{B24D282C-E57D-46D7-8419-347938E0D60D}.Release|Any CPU.ActiveCfg = Release|Any CPU
		{B24D282C-E57D-46D7-8419-347938E0D60D}.Release|Any CPU.Build.0 = Release|Any CPU
		{226D4F8E-58BB-45F5-A0CA-BC85D853A478}.Debug|Any CPU.ActiveCfg = Debug|Any CPU
		{226D4F8E-58BB-45F5-A0CA-BC85D853A478}.Debug|Any CPU.Build.0 = Debug|Any CPU
		{226D4F8E-58BB-45F5-A0CA-BC85D853A478}.Release|Any CPU.ActiveCfg = Release|Any CPU
		{226D4F8E-58BB-45F5-A0CA-BC85D853A478}.Release|Any CPU.Build.0 = Release|Any CPU
		{23C0DEC1-746E-44B1-AD2C-46974A212FC0}.Debug|Any CPU.ActiveCfg = Debug|Any CPU
		{23C0DEC1-746E-44B1-AD2C-46974A212FC0}.Debug|Any CPU.Build.0 = Debug|Any CPU
		{23C0DEC1-746E-44B1-AD2C-46974A212FC0}.Release|Any CPU.ActiveCfg = Release|Any CPU
		{23C0DEC1-746E-44B1-AD2C-46974A212FC0}.Release|Any CPU.Build.0 = Release|Any CPU
	EndGlobalSection
	GlobalSection(SolutionProperties) = preSolution
		HideSolutionNode = FALSE
	EndGlobalSection
	GlobalSection(NestedProjects) = preSolution
		{65B2FED8-773A-4637-A273-F91E63D10682} = {D3B9CA00-8EE3-42C3-B062-BE9FAB91C042}
		{B24D282C-E57D-46D7-8419-347938E0D60D} = {9B82EE8B-5DAD-4C25-9980-F6F635F93B7D}
		{226D4F8E-58BB-45F5-A0CA-BC85D853A478} = {9B82EE8B-5DAD-4C25-9980-F6F635F93B7D}
		{23C0DEC1-746E-44B1-AD2C-46974A212FC0} = {9B82EE8B-5DAD-4C25-9980-F6F635F93B7D}
	EndGlobalSection
	GlobalSection(ExtensibilityGlobals) = postSolution
		SolutionGuid = {4210E43A-D549-4EB0-B0D0-6BD588C0F5F6}
	EndGlobalSection
EndGlobal
